
Microsoft Visual Studio Solution File, Format Version 12.00
# Visual Studio Version 16
VisualStudioVersion = 16.0.29102.190
MinimumVisualStudioVersion = 10.0.40219.1
Project("{FAE04EC0-301F-11D3-BF4B-00C04F79EFBC}") = "StokProje.WebApp", "StokProje\StokProje.WebApp.csproj", "{088DF711-E67A-413D-95DC-97519AE49DB1}"
EndProject
Project("{FAE04EC0-301F-11D3-BF4B-00C04F79EFBC}") = "DataAccessLayer", "DataAccessLayer\DataAccessLayer.csproj", "{8A708BF6-8A79-4B42-B2B9-EB0B1AA83686}"
EndProject
Project("{FAE04EC0-301F-11D3-BF4B-00C04F79EFBC}") = "BusinessLayer", "BusinessLayer\BusinessLayer.csproj", "{A7C5E56F-DAB4-4D08-ACEC-C10D5918BD4C}"
EndProject
Project("{FAE04EC0-301F-11D3-BF4B-00C04F79EFBC}") = "Entities", "Entities\Entities.csproj", "{24510635-3192-4E6E-9759-CB92FD679F2F}"
EndProject
Global
	GlobalSection(SolutionConfigurationPlatforms) = preSolution
		Debug|Any CPU = Debug|Any CPU
		Release|Any CPU = Release|Any CPU
	EndGlobalSection
	GlobalSection(ProjectConfigurationPlatforms) = postSolution
		{088DF711-E67A-413D-95DC-97519AE49DB1}.Debug|Any CPU.ActiveCfg = Debug|Any CPU
		{088DF711-E67A-413D-95DC-97519AE49DB1}.Debug|Any CPU.Build.0 = Debug|Any CPU
		{088DF711-E67A-413D-95DC-97519AE49DB1}.Release|Any CPU.ActiveCfg = Release|Any CPU
		{088DF711-E67A-413D-95DC-97519AE49DB1}.Release|Any CPU.Build.0 = Release|Any CPU
		{8A708BF6-8A79-4B42-B2B9-EB0B1AA83686}.Debug|Any CPU.ActiveCfg = Debug|Any CPU
		{8A708BF6-8A79-4B42-B2B9-EB0B1AA83686}.Debug|Any CPU.Build.0 = Debug|Any CPU
		{8A708BF6-8A79-4B42-B2B9-EB0B1AA83686}.Release|Any CPU.ActiveCfg = Release|Any CPU
		{8A708BF6-8A79-4B42-B2B9-EB0B1AA83686}.Release|Any CPU.Build.0 = Release|Any CPU
		{A7C5E56F-DAB4-4D08-ACEC-C10D5918BD4C}.Debug|Any CPU.ActiveCfg = Debug|Any CPU
		{A7C5E56F-DAB4-4D08-ACEC-C10D5918BD4C}.Debug|Any CPU.Build.0 = Debug|Any CPU
		{A7C5E56F-DAB4-4D08-ACEC-C10D5918BD4C}.Release|Any CPU.ActiveCfg = Release|Any CPU
		{A7C5E56F-DAB4-4D08-ACEC-C10D5918BD4C}.Release|Any CPU.Build.0 = Release|Any CPU
		{24510635-3192-4E6E-9759-CB92FD679F2F}.Debug|Any CPU.ActiveCfg = Debug|Any CPU
		{24510635-3192-4E6E-9759-CB92FD679F2F}.Debug|Any CPU.Build.0 = Debug|Any CPU
		{24510635-3192-4E6E-9759-CB92FD679F2F}.Release|Any CPU.ActiveCfg = Release|Any CPU
		{24510635-3192-4E6E-9759-CB92FD679F2F}.Release|Any CPU.Build.0 = Release|Any CPU
	EndGlobalSection
	GlobalSection(SolutionProperties) = preSolution
		HideSolutionNode = FALSE
	EndGlobalSection
	GlobalSection(ExtensibilityGlobals) = postSolution
		SolutionGuid = {092AD5D0-6096-4F2F-AC2A-7872C94EA01B}
	EndGlobalSection
EndGlobal
